
Microsoft Visual Studio Solution File, Format Version 12.00
# Visual Studio Version 17
VisualStudioVersion = 17.4.33205.214
MinimumVisualStudioVersion = 10.0.40219.1
Project("{FAE04EC0-301F-11D3-BF4B-00C04F79EFBC}") = "HospitalManagementApi", "HospitalManagementApi\HospitalManagementApi.csproj", "{1438A877-4D48-4A3D-A5AE-E70366AAACF0}"
EndProject
Global
	GlobalSection(SolutionConfigurationPlatforms) = preSolution
		Debug|Any CPU = Debug|Any CPU
		Release|Any CPU = Release|Any CPU
	EndGlobalSection
	GlobalSection(ProjectConfigurationPlatforms) = postSolution
		{1438A877-4D48-4A3D-A5AE-E70366AAACF0}.Debug|Any CPU.ActiveCfg = Debug|Any CPU
		{1438A877-4D48-4A3D-A5AE-E70366AAACF0}.Debug|Any CPU.Build.0 = Debug|Any CPU
		{1438A877-4D48-4A3D-A5AE-E70366AAACF0}.Release|Any CPU.ActiveCfg = Release|Any CPU
		{1438A877-4D48-4A3D-A5AE-E70366AAACF0}.Release|Any CPU.Build.0 = Release|Any CPU
	EndGlobalSection
	GlobalSection(SolutionProperties) = preSolution
		HideSolutionNode = FALSE
	EndGlobalSection
	GlobalSection(ExtensibilityGlobals) = postSolution
		SolutionGuid = {C7866533-85D1-4824-B42C-B3E98F45130F}
	EndGlobalSection
EndGlobal
